
Microsoft Visual Studio Solution File, Format Version 12.00
# Visual Studio Version 16
VisualStudioVersion = 16.0.31729.503
MinimumVisualStudioVersion = 10.0.40219.1
Project("{FAE04EC0-301F-11D3-BF4B-00C04F79EFBC}") = "restaurant", "restaurant\restaurant.csproj", "{509AC8DD-A819-4671-A8A5-BED75053FA8B}"
EndProject
Global
	GlobalSection(SolutionConfigurationPlatforms) = preSolution
		Debug|Any CPU = Debug|Any CPU
		Release|Any CPU = Release|Any CPU
	EndGlobalSection
	GlobalSection(ProjectConfigurationPlatforms) = postSolution
		{509AC8DD-A819-4671-A8A5-BED75053FA8B}.Debug|Any CPU.ActiveCfg = Debug|Any CPU
		{509AC8DD-A819-4671-A8A5-BED75053FA8B}.Debug|Any CPU.Build.0 = Debug|Any CPU
		{509AC8DD-A819-4671-A8A5-BED75053FA8B}.Release|Any CPU.ActiveCfg = Release|Any CPU
		{509AC8DD-A819-4671-A8A5-BED75053FA8B}.Release|Any CPU.Build.0 = Release|Any CPU
	EndGlobalSection
	GlobalSection(SolutionProperties) = preSolution
		HideSolutionNode = FALSE
	EndGlobalSection
	GlobalSection(ExtensibilityGlobals) = postSolution
		SolutionGuid = {488F5EFD-2D21-4279-A005-00242D57A83A}
	EndGlobalSection
EndGlobal
